
Microsoft Visual Studio Solution File, Format Version 12.00
# Visual Studio Version 17
VisualStudioVersion = 17.11.35312.102
MinimumVisualStudioVersion = 10.0.40219.1
Project("{9A19103F-16F7-4668-BE54-9A1E7A4F7556}") = "Kolibri.SilverScreen", "Kolibri.SilverScreen\Kolibri.SilverScreen.csproj", "{EC235213-A435-47D4-8740-29BBFB657964}"
EndProject
Project("{2150E333-8FDC-42A3-9474-1A3956D46DE8}") = "ReferencedProjects", "ReferencedProjects", "{83F5C4C6-A178-4B3C-BB55-85BA8F8A102A}"
EndProject
Project("{9A19103F-16F7-4668-BE54-9A1E7A4F7556}") = "Kolibri.net.Common.Utilities", "..\Kolibri.net\Kolibri.net.Common.Utilities\Kolibri.net.Common.Utilities\Kolibri.net.Common.Utilities.csproj", "{242EEFC6-6308-4EA5-97FE-841BFC0C8F7E}"
EndProject
Project("{9A19103F-16F7-4668-BE54-9A1E7A4F7556}") = "Kolibri.net.Common.Dal", "..\Kolibri.net\Kolibri.net.Common.Dal\Kolibri.net.Common.Dal\Kolibri.net.Common.Dal.csproj", "{1F8ED979-432F-428C-AC7B-AE1D2565E1FF}"
EndProject
Project("{9A19103F-16F7-4668-BE54-9A1E7A4F7556}") = "Kolibri.net.Common.Formutilities", "..\Kolibri.net\Kolibri.net.Common.Formutilities\Kolibri.net.Common.Formutilities\Kolibri.net.Common.Formutilities.csproj", "{C3F0725D-7F46-41A2-8081-D052A2AC1471}"
EndProject
Project("{9A19103F-16F7-4668-BE54-9A1E7A4F7556}") = "Kolibri.net.Common.Utilities.Images", "..\Kolibri.net\Kolibri.net.Common.Utilities.Images\Kolibri.net.Common.Utilities.Images\Kolibri.net.Common.Utilities.Images.csproj", "{60E7D0C6-C4A4-4C6C-B615-2FD7A20FD903}"
EndProject
Project("{9A19103F-16F7-4668-BE54-9A1E7A4F7556}") = "Kolibri.net.Common.DialogHelpers", "..\Kolibri.net\Kolibri.net.Common.DialogHelpers\Kolibri.net.Common.DialogHelpers.csproj", "{E333BFF5-A403-4555-B60E-797AA1BDD58C}"
EndProject
Project("{FAE04EC0-301F-11D3-BF4B-00C04F79EFBC}") = "Kolibri.net.SilverScreen", "Kolibri.net.SilverScreen\Kolibri.net.SilverScreen.csproj", "{34B81EBC-4861-4A07-8246-63FE7EDEBD32}"
EndProject
Global
	GlobalSection(SolutionConfigurationPlatforms) = preSolution
		Debug|Any CPU = Debug|Any CPU
		Release|Any CPU = Release|Any CPU
	EndGlobalSection
	GlobalSection(ProjectConfigurationPlatforms) = postSolution
		{EC235213-A435-47D4-8740-29BBFB657964}.Debug|Any CPU.ActiveCfg = Debug|Any CPU
		{EC235213-A435-47D4-8740-29BBFB657964}.Debug|Any CPU.Build.0 = Debug|Any CPU
		{EC235213-A435-47D4-8740-29BBFB657964}.Release|Any CPU.ActiveCfg = Release|Any CPU
		{EC235213-A435-47D4-8740-29BBFB657964}.Release|Any CPU.Build.0 = Release|Any CPU
		{242EEFC6-6308-4EA5-97FE-841BFC0C8F7E}.Debug|Any CPU.ActiveCfg = Debug|Any CPU
		{242EEFC6-6308-4EA5-97FE-841BFC0C8F7E}.Debug|Any CPU.Build.0 = Debug|Any CPU
		{242EEFC6-6308-4EA5-97FE-841BFC0C8F7E}.Release|Any CPU.ActiveCfg = Release|Any CPU
		{242EEFC6-6308-4EA5-97FE-841BFC0C8F7E}.Release|Any CPU.Build.0 = Release|Any CPU
		{1F8ED979-432F-428C-AC7B-AE1D2565E1FF}.Debug|Any CPU.ActiveCfg = Debug|Any CPU
		{1F8ED979-432F-428C-AC7B-AE1D2565E1FF}.Debug|Any CPU.Build.0 = Debug|Any CPU
		{1F8ED979-432F-428C-AC7B-AE1D2565E1FF}.Release|Any CPU.ActiveCfg = Release|Any CPU
		{1F8ED979-432F-428C-AC7B-AE1D2565E1FF}.Release|Any CPU.Build.0 = Release|Any CPU
		{C3F0725D-7F46-41A2-8081-D052A2AC1471}.Debug|Any CPU.ActiveCfg = Debug|Any CPU
		{C3F0725D-7F46-41A2-8081-D052A2AC1471}.Debug|Any CPU.Build.0 = Debug|Any CPU
		{C3F0725D-7F46-41A2-8081-D052A2AC1471}.Release|Any CPU.ActiveCfg = Release|Any CPU
		{C3F0725D-7F46-41A2-8081-D052A2AC1471}.Release|Any CPU.Build.0 = Release|Any CPU
		{60E7D0C6-C4A4-4C6C-B615-2FD7A20FD903}.Debug|Any CPU.ActiveCfg = Debug|Any CPU
		{60E7D0C6-C4A4-4C6C-B615-2FD7A20FD903}.Debug|Any CPU.Build.0 = Debug|Any CPU
		{60E7D0C6-C4A4-4C6C-B615-2FD7A20FD903}.Release|Any CPU.ActiveCfg = Release|Any CPU
		{60E7D0C6-C4A4-4C6C-B615-2FD7A20FD903}.Release|Any CPU.Build.0 = Release|Any CPU
		{E333BFF5-A403-4555-B60E-797AA1BDD58C}.Debug|Any CPU.ActiveCfg = Debug|Any CPU
		{E333BFF5-A403-4555-B60E-797AA1BDD58C}.Debug|Any CPU.Build.0 = Debug|Any CPU
		{E333BFF5-A403-4555-B60E-797AA1BDD58C}.Release|Any CPU.ActiveCfg = Release|Any CPU
		{E333BFF5-A403-4555-B60E-797AA1BDD58C}.Release|Any CPU.Build.0 = Release|Any CPU
		{34B81EBC-4861-4A07-8246-63FE7EDEBD32}.Debug|Any CPU.ActiveCfg = Debug|Any CPU
		{34B81EBC-4861-4A07-8246-63FE7EDEBD32}.Debug|Any CPU.Build.0 = Debug|Any CPU
		{34B81EBC-4861-4A07-8246-63FE7EDEBD32}.Release|Any CPU.ActiveCfg = Release|Any CPU
		{34B81EBC-4861-4A07-8246-63FE7EDEBD32}.Release|Any CPU.Build.0 = Release|Any CPU
	EndGlobalSection
	GlobalSection(SolutionProperties) = preSolution
		HideSolutionNode = FALSE
	EndGlobalSection
	GlobalSection(NestedProjects) = preSolution
		{242EEFC6-6308-4EA5-97FE-841BFC0C8F7E} = {83F5C4C6-A178-4B3C-BB55-85BA8F8A102A}
		{1F8ED979-432F-428C-AC7B-AE1D2565E1FF} = {83F5C4C6-A178-4B3C-BB55-85BA8F8A102A}
		{C3F0725D-7F46-41A2-8081-D052A2AC1471} = {83F5C4C6-A178-4B3C-BB55-85BA8F8A102A}
		{60E7D0C6-C4A4-4C6C-B615-2FD7A20FD903} = {83F5C4C6-A178-4B3C-BB55-85BA8F8A102A}
		{E333BFF5-A403-4555-B60E-797AA1BDD58C} = {83F5C4C6-A178-4B3C-BB55-85BA8F8A102A}
	EndGlobalSection
	GlobalSection(ExtensibilityGlobals) = postSolution
		SolutionGuid = {218DD4C4-42AE-4145-8970-E8FDAA82FBC0}
	EndGlobalSection
EndGlobal
