
Microsoft Visual Studio Solution File, Format Version 12.00
# Visual Studio Version 17
VisualStudioVersion = 17.4.33122.133
MinimumVisualStudioVersion = 10.0.40219.1
Project("{FAE04EC0-301F-11D3-BF4B-00C04F79EFBC}") = "Microsoft.Xml.XMLGen", "Microsoft.Xml.XMLGen.csproj", "{F1BB7535-7CA9-4BD1-8014-06A326E2E1F5}"
EndProject
Global
	GlobalSection(SolutionConfigurationPlatforms) = preSolution
		Debug|Any CPU = Debug|Any CPU
		Release|Any CPU = Release|Any CPU
	EndGlobalSection
	GlobalSection(ProjectConfigurationPlatforms) = postSolution
		{F1BB7535-7CA9-4BD1-8014-06A326E2E1F5}.Debug|Any CPU.ActiveCfg = Debug|Any CPU
		{F1BB7535-7CA9-4BD1-8014-06A326E2E1F5}.Debug|Any CPU.Build.0 = Debug|Any CPU
		{F1BB7535-7CA9-4BD1-8014-06A326E2E1F5}.Release|Any CPU.ActiveCfg = Release|Any CPU
		{F1BB7535-7CA9-4BD1-8014-06A326E2E1F5}.Release|Any CPU.Build.0 = Release|Any CPU
	EndGlobalSection
	GlobalSection(SolutionProperties) = preSolution
		HideSolutionNode = FALSE
	EndGlobalSection
	GlobalSection(ExtensibilityGlobals) = postSolution
		SolutionGuid = {2DDB90C3-9CCB-4140-B281-6F69CB1FAE56}
	EndGlobalSection
EndGlobal
