
Microsoft Visual Studio Solution File, Format Version 12.00
# Visual Studio Version 17
VisualStudioVersion = 17.4.33122.133
MinimumVisualStudioVersion = 10.0.40219.1
Project("{FAE04EC0-301F-11D3-BF4B-00C04F79EFBC}") = "Kolibri.Common.FormUtilities", "Kolibri.Common.FormUtilities.csproj", "{814C0D01-BCA8-449F-8389-B288B6BBBB10}"
EndProject
Global
	GlobalSection(SolutionConfigurationPlatforms) = preSolution
		Debug|Any CPU = Debug|Any CPU
		Debug|x64 = Debug|x64
		Release|Any CPU = Release|Any CPU
		Release|x64 = Release|x64
	EndGlobalSection
	GlobalSection(ProjectConfigurationPlatforms) = postSolution
		{814C0D01-BCA8-449F-8389-B288B6BBBB10}.Debug|Any CPU.ActiveCfg = Debug|Any CPU
		{814C0D01-BCA8-449F-8389-B288B6BBBB10}.Debug|Any CPU.Build.0 = Debug|Any CPU
		{814C0D01-BCA8-449F-8389-B288B6BBBB10}.Debug|x64.ActiveCfg = Debug|x64
		{814C0D01-BCA8-449F-8389-B288B6BBBB10}.Debug|x64.Build.0 = Debug|x64
		{814C0D01-BCA8-449F-8389-B288B6BBBB10}.Release|Any CPU.ActiveCfg = Release|Any CPU
		{814C0D01-BCA8-449F-8389-B288B6BBBB10}.Release|Any CPU.Build.0 = Release|Any CPU
		{814C0D01-BCA8-449F-8389-B288B6BBBB10}.Release|x64.ActiveCfg = Release|x64
		{814C0D01-BCA8-449F-8389-B288B6BBBB10}.Release|x64.Build.0 = Release|x64
	EndGlobalSection
	GlobalSection(SolutionProperties) = preSolution
		HideSolutionNode = FALSE
	EndGlobalSection
	GlobalSection(ExtensibilityGlobals) = postSolution
		SolutionGuid = {DAE145C5-AF16-4558-8CD3-72CB63D3F118}
	EndGlobalSection
EndGlobal
