
Microsoft Visual Studio Solution File, Format Version 12.00
# Visual Studio Version 17
VisualStudioVersion = 17.8.34330.188
MinimumVisualStudioVersion = 10.0.40219.1
Project("{FAE04EC0-301F-11D3-BF4B-00C04F79EFBC}") = "Kolibri.SortPictures", "Kolibri.SortPictures\Kolibri.SortPictures.csproj", "{A3FF5A20-90FA-4ECC-AD26-B08C8F8783F8}"
EndProject
Project("{2150E333-8FDC-42A3-9474-1A3956D46DE8}") = "ReferencedProjects", "ReferencedProjects", "{040D505C-95DD-491F-811E-D5314C0589FD}"
EndProject
Project("{FAE04EC0-301F-11D3-BF4B-00C04F79EFBC}") = "Kolibri.net.Common.Utilities", "..\Kolibri.net\Kolibri.net.Common.Utilities\Kolibri.net.Common.Utilities\Kolibri.net.Common.Utilities.csproj", "{A961FE0D-835D-87A2-F09C-9B37B3F4E0CB}"
EndProject
Global
	GlobalSection(SolutionConfigurationPlatforms) = preSolution
		Debug|Any CPU = Debug|Any CPU
		Debug|x64 = Debug|x64
		Release|Any CPU = Release|Any CPU
		Release|x64 = Release|x64
	EndGlobalSection
	GlobalSection(ProjectConfigurationPlatforms) = postSolution
		{A3FF5A20-90FA-4ECC-AD26-B08C8F8783F8}.Debug|Any CPU.ActiveCfg = Debug|Any CPU
		{A3FF5A20-90FA-4ECC-AD26-B08C8F8783F8}.Debug|Any CPU.Build.0 = Debug|Any CPU
		{A3FF5A20-90FA-4ECC-AD26-B08C8F8783F8}.Debug|x64.ActiveCfg = Debug|Any CPU
		{A3FF5A20-90FA-4ECC-AD26-B08C8F8783F8}.Debug|x64.Build.0 = Debug|Any CPU
		{A3FF5A20-90FA-4ECC-AD26-B08C8F8783F8}.Release|Any CPU.ActiveCfg = Release|Any CPU
		{A3FF5A20-90FA-4ECC-AD26-B08C8F8783F8}.Release|Any CPU.Build.0 = Release|Any CPU
		{A3FF5A20-90FA-4ECC-AD26-B08C8F8783F8}.Release|x64.ActiveCfg = Release|Any CPU
		{A3FF5A20-90FA-4ECC-AD26-B08C8F8783F8}.Release|x64.Build.0 = Release|Any CPU
		{A961FE0D-835D-87A2-F09C-9B37B3F4E0CB}.Debug|Any CPU.ActiveCfg = Debug|Any CPU
		{A961FE0D-835D-87A2-F09C-9B37B3F4E0CB}.Debug|Any CPU.Build.0 = Debug|Any CPU
		{A961FE0D-835D-87A2-F09C-9B37B3F4E0CB}.Debug|x64.ActiveCfg = Debug|Any CPU
		{A961FE0D-835D-87A2-F09C-9B37B3F4E0CB}.Debug|x64.Build.0 = Debug|Any CPU
		{A961FE0D-835D-87A2-F09C-9B37B3F4E0CB}.Release|Any CPU.ActiveCfg = Release|Any CPU
		{A961FE0D-835D-87A2-F09C-9B37B3F4E0CB}.Release|Any CPU.Build.0 = Release|Any CPU
		{A961FE0D-835D-87A2-F09C-9B37B3F4E0CB}.Release|x64.ActiveCfg = Release|Any CPU
		{A961FE0D-835D-87A2-F09C-9B37B3F4E0CB}.Release|x64.Build.0 = Release|Any CPU
	EndGlobalSection
	GlobalSection(SolutionProperties) = preSolution
		HideSolutionNode = FALSE
	EndGlobalSection
	GlobalSection(NestedProjects) = preSolution
		{A961FE0D-835D-87A2-F09C-9B37B3F4E0CB} = {040D505C-95DD-491F-811E-D5314C0589FD}
	EndGlobalSection
	GlobalSection(ExtensibilityGlobals) = postSolution
		SolutionGuid = {B05D307B-09E6-433D-82A7-ECB759D4C2D9}
	EndGlobalSection
EndGlobal
